
Microsoft Visual Studio Solution File, Format Version 12.00
# Visual Studio Version 17
VisualStudioVersion = 17.5.002.0
MinimumVisualStudioVersion = 10.0.40219.1
Project("{9A19103F-16F7-4668-BE54-9A1E7A4F7556}") = "TDEAula5", "TDEAula5.csproj", "{A0341E68-C61C-45F4-8CF2-00247987B77E}"
EndProject
Global
	GlobalSection(SolutionConfigurationPlatforms) = preSolution
		Debug|Any CPU = Debug|Any CPU
		Release|Any CPU = Release|Any CPU
	EndGlobalSection
	GlobalSection(ProjectConfigurationPlatforms) = postSolution
		{A0341E68-C61C-45F4-8CF2-00247987B77E}.Debug|Any CPU.ActiveCfg = Debug|Any CPU
		{A0341E68-C61C-45F4-8CF2-00247987B77E}.Debug|Any CPU.Build.0 = Debug|Any CPU
		{A0341E68-C61C-45F4-8CF2-00247987B77E}.Release|Any CPU.ActiveCfg = Release|Any CPU
		{A0341E68-C61C-45F4-8CF2-00247987B77E}.Release|Any CPU.Build.0 = Release|Any CPU
	EndGlobalSection
	GlobalSection(SolutionProperties) = preSolution
		HideSolutionNode = FALSE
	EndGlobalSection
	GlobalSection(ExtensibilityGlobals) = postSolution
		SolutionGuid = {90C8958B-110D-4675-BE91-4E5295C6E09E}
	EndGlobalSection
EndGlobal
